
Microsoft Visual Studio Solution File, Format Version 11.00
# Visual Studio 2010
Project("{FAE04EC0-301F-11D3-BF4B-00C04F79EFBC}") = "Assembly-CSharp-firstpass", "Assembly-CSharp-firstpass.csproj", "{93687191-B5CE-CDFE-511E-E6CA48B6ABB7}"
EndProject
Project("{FAE04EC0-301F-11D3-BF4B-00C04F79EFBC}") = "Assembly-CSharp", "Assembly-CSharp.csproj", "{5D63DF15-2EF7-A042-6C89-B70F09779F38}"
EndProject
Project("{FAE04EC0-301F-11D3-BF4B-00C04F79EFBC}") = "Assembly-CSharp-Editor-firstpass", "Assembly-CSharp-Editor-firstpass.csproj", "{3E1A83FE-7CC8-877F-B794-8A2FC407EF4F}"
EndProject
Global
	GlobalSection(SolutionConfigurationPlatforms) = preSolution
		Debug|Any CPU = Debug|Any CPU
		Release|Any CPU = Release|Any CPU
	EndGlobalSection
	GlobalSection(ProjectConfigurationPlatforms) = postSolution
		{93687191-B5CE-CDFE-511E-E6CA48B6ABB7}.Debug|Any CPU.ActiveCfg = Debug|Any CPU
		{93687191-B5CE-CDFE-511E-E6CA48B6ABB7}.Debug|Any CPU.Build.0 = Debug|Any CPU
		{93687191-B5CE-CDFE-511E-E6CA48B6ABB7}.Release|Any CPU.ActiveCfg = Release|Any CPU
		{93687191-B5CE-CDFE-511E-E6CA48B6ABB7}.Release|Any CPU.Build.0 = Release|Any CPU
		{5D63DF15-2EF7-A042-6C89-B70F09779F38}.Debug|Any CPU.ActiveCfg = Debug|Any CPU
		{5D63DF15-2EF7-A042-6C89-B70F09779F38}.Debug|Any CPU.Build.0 = Debug|Any CPU
		{5D63DF15-2EF7-A042-6C89-B70F09779F38}.Release|Any CPU.ActiveCfg = Release|Any CPU
		{5D63DF15-2EF7-A042-6C89-B70F09779F38}.Release|Any CPU.Build.0 = Release|Any CPU
		{3E1A83FE-7CC8-877F-B794-8A2FC407EF4F}.Debug|Any CPU.ActiveCfg = Debug|Any CPU
		{3E1A83FE-7CC8-877F-B794-8A2FC407EF4F}.Debug|Any CPU.Build.0 = Debug|Any CPU
		{3E1A83FE-7CC8-877F-B794-8A2FC407EF4F}.Release|Any CPU.ActiveCfg = Release|Any CPU
		{3E1A83FE-7CC8-877F-B794-8A2FC407EF4F}.Release|Any CPU.Build.0 = Release|Any CPU
	EndGlobalSection
	GlobalSection(SolutionProperties) = preSolution
		HideSolutionNode = FALSE
	EndGlobalSection
EndGlobal
